<?xml version="1.0" encoding="UTF-8"?>
<!DOCTYPE plist PUBLIC "-//Apple//DTD PLIST 1.0//EN" "http://www.apple.com/DTDs/PropertyList-1.0.dtd">
<plist version="1.0">
<dict>
	<key>archiveVersion</key>
	<string>1</string>
	<key>classes</key>
	<dict/>
	<key>objectVersion</key>
	<string>46</string>
	<key>objects</key>
	<dict>
		<key>478962866C9C4522951EEAF8</key>
		<dict>
			<key>isa</key>
			<string>PBXFileReference</string>
			<key>lastKnownFileType</key>
			<string>text.xcconfig</string>
			<key>name</key>
			<string>Pods.xcconfig</string>
			<key>path</key>
			<string>Pods/Pods.xcconfig</string>
			<key>sourceTree</key>
			<string>SOURCE_ROOT</string>
		</dict>
		<key>495DDB46F94C451585862A06</key>
		<dict>
			<key>explicitFileType</key>
			<string>archive.ar</string>
			<key>includeInIndex</key>
			<string>0</string>
			<key>isa</key>
			<string>PBXFileReference</string>
			<key>name</key>
			<string>libPods.a</string>
			<key>path</key>
			<string>libPods.a</string>
			<key>sourceTree</key>
			<string>BUILT_PRODUCTS_DIR</string>
		</dict>
		<key>B7B2A58696F149208177B918</key>
		<dict>
			<key>buildActionMask</key>
			<string>2147483647</string>
			<key>files</key>
			<array/>
			<key>inputPaths</key>
			<array/>
			<key>isa</key>
			<string>PBXShellScriptBuildPhase</string>
			<key>name</key>
			<string>Copy Pods Resources</string>
			<key>outputPaths</key>
			<array/>
			<key>runOnlyForDeploymentPostprocessing</key>
			<string>0</string>
			<key>shellPath</key>
			<string>/bin/sh</string>
			<key>shellScript</key>
			<string>"${SRCROOT}/Pods/Pods-resources.sh"
</string>
		</dict>
		<key>C06CB7DF08704CC4987DDB59</key>
		<dict>
			<key>fileRef</key>
			<string>495DDB46F94C451585862A06</string>
			<key>isa</key>
			<string>PBXBuildFile</string>
		</dict>
		<key>D8B87D891579E76600310696</key>
		<dict>
			<key>children</key>
			<array>
				<string>D8B87D9E1579E76600310696</string>
				<string>D8B87DBE1579E76600310696</string>
				<string>D8B87D971579E76600310696</string>
				<string>D8B87D951579E76600310696</string>
				<string>478962866C9C4522951EEAF8</string>
			</array>
			<key>isa</key>
			<string>PBXGroup</string>
			<key>sourceTree</key>
			<string>&lt;group&gt;</string>
		</dict>
		<key>D8B87D8B1579E76600310696</key>
		<dict>
			<key>attributes</key>
			<dict>
				<key>LastUpgradeCheck</key>
				<string>0440</string>
				<key>ORGANIZATIONNAME</key>
				<string>iamble</string>
			</dict>
			<key>buildConfigurationList</key>
			<string>D8B87D8E1579E76600310696</string>
			<key>compatibilityVersion</key>
			<string>Xcode 3.2</string>
			<key>developmentRegion</key>
			<string>English</string>
			<key>hasScannedForEncodings</key>
			<string>0</string>
			<key>isa</key>
			<string>PBXProject</string>
			<key>knownRegions</key>
			<array>
				<string>en</string>
			</array>
			<key>mainGroup</key>
			<string>D8B87D891579E76600310696</string>
			<key>productRefGroup</key>
			<string>D8B87D951579E76600310696</string>
			<key>projectDirPath</key>
			<string></string>
			<key>projectRoot</key>
			<string></string>
			<key>targets</key>
			<array>
				<string>D8B87D931579E76600310696</string>
				<string>D8B87DB61579E76600310696</string>
			</array>
		</dict>
		<key>D8B87D8E1579E76600310696</key>
		<dict>
			<key>buildConfigurations</key>
			<array>
				<string>D8B87DC71579E76600310696</string>
				<string>D8B87DC81579E76600310696</string>
			</array>
			<key>defaultConfigurationIsVisible</key>
			<string>0</string>
			<key>defaultConfigurationName</key>
			<string>Release</string>
			<key>isa</key>
			<string>XCConfigurationList</string>
		</dict>
		<key>D8B87D901579E76600310696</key>
		<dict>
			<key>buildActionMask</key>
			<string>2147483647</string>
			<key>files</key>
			<array>
				<string>D8B87DA51579E76600310696</string>
				<string>D8B87DA91579E76600310696</string>
				<string>D8B87DB11579E76600310696</string>
			</array>
			<key>isa</key>
			<string>PBXSourcesBuildPhase</string>
			<key>runOnlyForDeploymentPostprocessing</key>
			<string>0</string>
		</dict>
		<key>D8B87D911579E76600310696</key>
		<dict>
			<key>buildActionMask</key>
			<string>2147483647</string>
			<key>files</key>
			<array>
				<string>D8B87D991579E76600310696</string>
				<string>D8B87D9B1579E76600310696</string>
				<string>D8B87D9D1579E76600310696</string>
				<string>E4FD3D12CAC3449FAEF7C04C</string>
			</array>
			<key>isa</key>
			<string>PBXFrameworksBuildPhase</string>
			<key>runOnlyForDeploymentPostprocessing</key>
			<string>0</string>
		</dict>
		<key>D8B87D921579E76600310696</key>
		<dict>
			<key>buildActionMask</key>
			<string>2147483647</string>
			<key>files</key>
			<array>
				<string>D8B87DA31579E76600310696</string>
				<string>D8B87DAB1579E76600310696</string>
				<string>D8B87DAE1579E76600310696</string>
			</array>
			<key>isa</key>
			<string>PBXResourcesBuildPhase</string>
			<key>runOnlyForDeploymentPostprocessing</key>
			<string>0</string>
		</dict>
		<key>D8B87D931579E76600310696</key>
		<dict>
			<key>buildConfigurationList</key>
			<string>D8B87DC91579E76600310696</string>
			<key>buildPhases</key>
			<array>
				<string>D8B87D901579E76600310696</string>
				<string>D8B87D911579E76600310696</string>
				<string>D8B87D921579E76600310696</string>
				<string>B7B2A58696F149208177B918</string>
			</array>
			<key>buildRules</key>
			<array/>
			<key>dependencies</key>
			<array/>
			<key>isa</key>
			<string>PBXNativeTarget</string>
			<key>name</key>
			<string>iamble</string>
			<key>productName</key>
			<string>iamble</string>
			<key>productReference</key>
			<string>D8B87D941579E76600310696</string>
			<key>productType</key>
			<string>com.apple.product-type.application</string>
		</dict>
		<key>D8B87D941579E76600310696</key>
		<dict>
			<key>explicitFileType</key>
			<string>wrapper.application</string>
			<key>includeInIndex</key>
			<string>0</string>
			<key>isa</key>
			<string>PBXFileReference</string>
			<key>name</key>
			<string>iamble.app</string>
			<key>path</key>
			<string>iamble.app</string>
			<key>sourceTree</key>
			<string>BUILT_PRODUCTS_DIR</string>
		</dict>
		<key>D8B87D951579E76600310696</key>
		<dict>
			<key>children</key>
			<array>
				<string>D8B87D941579E76600310696</string>
				<string>D8B87DB71579E76600310696</string>
			</array>
			<key>isa</key>
			<string>PBXGroup</string>
			<key>name</key>
			<string>Products</string>
			<key>sourceTree</key>
			<string>&lt;group&gt;</string>
		</dict>
		<key>D8B87D971579E76600310696</key>
		<dict>
			<key>children</key>
			<array>
				<string>D8B87D981579E76600310696</string>
				<string>D8B87D9A1579E76600310696</string>
				<string>D8B87D9C1579E76600310696</string>
				<string>D8B87DB81579E76600310696</string>
				<string>495DDB46F94C451585862A06</string>
			</array>
			<key>isa</key>
			<string>PBXGroup</string>
			<key>name</key>
			<string>Frameworks</string>
			<key>sourceTree</key>
			<string>&lt;group&gt;</string>
		</dict>
		<key>D8B87D981579E76600310696</key>
		<dict>
			<key>isa</key>
			<string>PBXFileReference</string>
			<key>lastKnownFileType</key>
			<string>wrapper.framework</string>
			<key>name</key>
			<string>UIKit.framework</string>
			<key>path</key>
			<string>System/Library/Frameworks/UIKit.framework</string>
			<key>sourceTree</key>
			<string>SDKROOT</string>
		</dict>
		<key>D8B87D991579E76600310696</key>
		<dict>
			<key>fileRef</key>
			<string>D8B87D981579E76600310696</string>
			<key>isa</key>
			<string>PBXBuildFile</string>
		</dict>
		<key>D8B87D9A1579E76600310696</key>
		<dict>
			<key>isa</key>
			<string>PBXFileReference</string>
			<key>lastKnownFileType</key>
			<string>wrapper.framework</string>
			<key>name</key>
			<string>Foundation.framework</string>
			<key>path</key>
			<string>System/Library/Frameworks/Foundation.framework</string>
			<key>sourceTree</key>
			<string>SDKROOT</string>
		</dict>
		<key>D8B87D9B1579E76600310696</key>
		<dict>
			<key>fileRef</key>
			<string>D8B87D9A1579E76600310696</string>
			<key>isa</key>
			<string>PBXBuildFile</string>
		</dict>
		<key>D8B87D9C1579E76600310696</key>
		<dict>
			<key>isa</key>
			<string>PBXFileReference</string>
			<key>lastKnownFileType</key>
			<string>wrapper.framework</string>
			<key>name</key>
			<string>CoreGraphics.framework</string>
			<key>path</key>
			<string>System/Library/Frameworks/CoreGraphics.framework</string>
			<key>sourceTree</key>
			<string>SDKROOT</string>
		</dict>
		<key>D8B87D9D1579E76600310696</key>
		<dict>
			<key>fileRef</key>
			<string>D8B87D9C1579E76600310696</string>
			<key>isa</key>
			<string>PBXBuildFile</string>
		</dict>
		<key>D8B87D9E1579E76600310696</key>
		<dict>
			<key>children</key>
			<array>
				<string>D8B87DA71579E76600310696</string>
				<string>D8B87DA81579E76600310696</string>
				<string>D8B87DAC1579E76600310696</string>
				<string>D8B87DAF1579E76600310696</string>
				<string>D8B87DB01579E76600310696</string>
				<string>D8B87D9F1579E76600310696</string>
			</array>
			<key>isa</key>
			<string>PBXGroup</string>
			<key>path</key>
			<string>iamble</string>
			<key>sourceTree</key>
			<string>&lt;group&gt;</string>
		</dict>
		<key>D8B87D9F1579E76600310696</key>
		<dict>
			<key>children</key>
			<array>
				<string>D8B87DA01579E76600310696</string>
				<string>D8B87DA11579E76600310696</string>
				<string>D8B87DA41579E76600310696</string>
				<string>D8B87DA61579E76600310696</string>
				<string>D8B87DAA1579E76600310696</string>
			</array>
			<key>isa</key>
			<string>PBXGroup</string>
			<key>name</key>
			<string>Supporting Files</string>
			<key>sourceTree</key>
			<string>&lt;group&gt;</string>
		</dict>
		<key>D8B87DA01579E76600310696</key>
		<dict>
			<key>isa</key>
			<string>PBXFileReference</string>
			<key>lastKnownFileType</key>
			<string>text.plist.xml</string>
			<key>name</key>
			<string>iamble-Info.plist</string>
			<key>path</key>
			<string>iamble-Info.plist</string>
			<key>sourceTree</key>
			<string>&lt;group&gt;</string>
		</dict>
		<key>D8B87DA11579E76600310696</key>
		<dict>
			<key>children</key>
			<array>
				<string>D8B87DA21579E76600310696</string>
			</array>
			<key>isa</key>
			<string>PBXVariantGroup</string>
			<key>name</key>
			<string>InfoPlist.strings</string>
			<key>sourceTree</key>
			<string>&lt;group&gt;</string>
		</dict>
		<key>D8B87DA21579E76600310696</key>
		<dict>
			<key>isa</key>
			<string>PBXFileReference</string>
			<key>lastKnownFileType</key>
			<string>text.plist.strings</string>
			<key>name</key>
			<string>en</string>
			<key>path</key>
			<string>en.lproj/InfoPlist.strings</string>
			<key>sourceTree</key>
			<string>&lt;group&gt;</string>
		</dict>
		<key>D8B87DA31579E76600310696</key>
		<dict>
			<key>fileRef</key>
			<string>D8B87DA11579E76600310696</string>
			<key>isa</key>
			<string>PBXBuildFile</string>
		</dict>
		<key>D8B87DA41579E76600310696</key>
		<dict>
			<key>isa</key>
			<string>PBXFileReference</string>
			<key>lastKnownFileType</key>
			<string>sourcecode.c.objc</string>
			<key>name</key>
			<string>main.m</string>
			<key>path</key>
			<string>main.m</string>
			<key>sourceTree</key>
			<string>&lt;group&gt;</string>
		</dict>
		<key>D8B87DA51579E76600310696</key>
		<dict>
			<key>fileRef</key>
			<string>D8B87DA41579E76600310696</string>
			<key>isa</key>
			<string>PBXBuildFile</string>
		</dict>
		<key>D8B87DA61579E76600310696</key>
		<dict>
			<key>isa</key>
			<string>PBXFileReference</string>
			<key>lastKnownFileType</key>
			<string>sourcecode.c.h</string>
			<key>name</key>
			<string>iamble-Prefix.pch</string>
			<key>path</key>
			<string>iamble-Prefix.pch</string>
			<key>sourceTree</key>
			<string>&lt;group&gt;</string>
		</dict>
		<key>D8B87DA71579E76600310696</key>
		<dict>
			<key>isa</key>
			<string>PBXFileReference</string>
			<key>lastKnownFileType</key>
			<string>sourcecode.c.h</string>
			<key>name</key>
			<string>AppDelegate.h</string>
			<key>path</key>
			<string>AppDelegate.h</string>
			<key>sourceTree</key>
			<string>&lt;group&gt;</string>
		</dict>
		<key>D8B87DA81579E76600310696</key>
		<dict>
			<key>isa</key>
			<string>PBXFileReference</string>
			<key>lastKnownFileType</key>
			<string>sourcecode.c.objc</string>
			<key>name</key>
			<string>AppDelegate.m</string>
			<key>path</key>
			<string>AppDelegate.m</string>
			<key>sourceTree</key>
			<string>&lt;group&gt;</string>
		</dict>
		<key>D8B87DA91579E76600310696</key>
		<dict>
			<key>fileRef</key>
			<string>D8B87DA81579E76600310696</string>
			<key>isa</key>
			<string>PBXBuildFile</string>
		</dict>
		<key>D8B87DAA1579E76600310696</key>
		<dict>
			<key>isa</key>
			<string>PBXFileReference</string>
			<key>lastKnownFileType</key>
			<string>text.xml</string>
			<key>name</key>
			<string>iamble.entitlements</string>
			<key>path</key>
			<string>iamble.entitlements</string>
			<key>sourceTree</key>
			<string>&lt;group&gt;</string>
		</dict>
		<key>D8B87DAB1579E76600310696</key>
		<dict>
			<key>fileRef</key>
			<string>D8B87DAA1579E76600310696</string>
			<key>isa</key>
			<string>PBXBuildFile</string>
		</dict>
		<key>D8B87DAC1579E76600310696</key>
		<dict>
			<key>children</key>
			<array>
				<string>D8B87DAD1579E76600310696</string>
			</array>
			<key>isa</key>
			<string>PBXVariantGroup</string>
			<key>name</key>
			<string>MainStoryboard.storyboard</string>
			<key>sourceTree</key>
			<string>&lt;group&gt;</string>
		</dict>
		<key>D8B87DAD1579E76600310696</key>
		<dict>
			<key>isa</key>
			<string>PBXFileReference</string>
			<key>lastKnownFileType</key>
			<string>file.storyboard</string>
			<key>name</key>
			<string>en</string>
			<key>path</key>
			<string>en.lproj/MainStoryboard.storyboard</string>
			<key>sourceTree</key>
			<string>&lt;group&gt;</string>
		</dict>
		<key>D8B87DAE1579E76600310696</key>
		<dict>
			<key>fileRef</key>
			<string>D8B87DAC1579E76600310696</string>
			<key>isa</key>
			<string>PBXBuildFile</string>
		</dict>
		<key>D8B87DAF1579E76600310696</key>
		<dict>
			<key>isa</key>
			<string>PBXFileReference</string>
			<key>lastKnownFileType</key>
			<string>sourcecode.c.h</string>
			<key>name</key>
			<string>ViewController.h</string>
			<key>path</key>
			<string>ViewController.h</string>
			<key>sourceTree</key>
			<string>&lt;group&gt;</string>
		</dict>
		<key>D8B87DB01579E76600310696</key>
		<dict>
			<key>isa</key>
			<string>PBXFileReference</string>
			<key>lastKnownFileType</key>
			<string>sourcecode.c.objc</string>
			<key>name</key>
			<string>ViewController.m</string>
			<key>path</key>
			<string>ViewController.m</string>
			<key>sourceTree</key>
			<string>&lt;group&gt;</string>
		</dict>
		<key>D8B87DB11579E76600310696</key>
		<dict>
			<key>fileRef</key>
			<string>D8B87DB01579E76600310696</string>
			<key>isa</key>
			<string>PBXBuildFile</string>
		</dict>
		<key>D8B87DB21579E76600310696</key>
		<dict>
			<key>buildActionMask</key>
			<string>2147483647</string>
			<key>files</key>
			<array>
				<string>D8B87DC61579E76600310696</string>
			</array>
			<key>isa</key>
			<string>PBXSourcesBuildPhase</string>
			<key>runOnlyForDeploymentPostprocessing</key>
			<string>0</string>
		</dict>
		<key>D8B87DB31579E76600310696</key>
		<dict>
			<key>buildActionMask</key>
			<string>2147483647</string>
			<key>files</key>
			<array>
				<string>D8B87DB91579E76600310696</string>
				<string>D8B87DBA1579E76600310696</string>
				<string>D8B87DBB1579E76600310696</string>
				<string>C06CB7DF08704CC4987DDB59</string>
			</array>
			<key>isa</key>
			<string>PBXFrameworksBuildPhase</string>
			<key>runOnlyForDeploymentPostprocessing</key>
			<string>0</string>
		</dict>
		<key>D8B87DB41579E76600310696</key>
		<dict>
			<key>buildActionMask</key>
			<string>2147483647</string>
			<key>files</key>
			<array>
				<string>D8B87DC31579E76600310696</string>
			</array>
			<key>isa</key>
			<string>PBXResourcesBuildPhase</string>
			<key>runOnlyForDeploymentPostprocessing</key>
			<string>0</string>
		</dict>
		<key>D8B87DB51579E76600310696</key>
		<dict>
			<key>buildActionMask</key>
			<string>2147483647</string>
			<key>files</key>
			<array/>
			<key>inputPaths</key>
			<array/>
			<key>isa</key>
			<string>PBXShellScriptBuildPhase</string>
			<key>outputPaths</key>
			<array/>
			<key>runOnlyForDeploymentPostprocessing</key>
			<string>0</string>
			<key>shellPath</key>
			<string>/bin/sh</string>
			<key>shellScript</key>
			<string># Run the unit tests in this test bundle.
"${SYSTEM_DEVELOPER_DIR}/Tools/RunUnitTests"
</string>
		</dict>
		<key>D8B87DB61579E76600310696</key>
		<dict>
			<key>buildConfigurationList</key>
			<string>D8B87DCC1579E76600310696</string>
			<key>buildPhases</key>
			<array>
				<string>D8B87DB21579E76600310696</string>
				<string>D8B87DB31579E76600310696</string>
				<string>D8B87DB41579E76600310696</string>
				<string>D8B87DB51579E76600310696</string>
				<string>B7B2A58696F149208177B918</string>
			</array>
			<key>buildRules</key>
			<array/>
			<key>dependencies</key>
			<array>
				<string>D8B87DBD1579E76600310696</string>
			</array>
			<key>isa</key>
			<string>PBXNativeTarget</string>
			<key>name</key>
			<string>iambleTests</string>
			<key>productName</key>
			<string>iambleTests</string>
			<key>productReference</key>
			<string>D8B87DB71579E76600310696</string>
			<key>productType</key>
			<string>com.apple.product-type.bundle</string>
		</dict>
		<key>D8B87DB71579E76600310696</key>
		<dict>
			<key>explicitFileType</key>
			<string>wrapper.cfbundle</string>
			<key>includeInIndex</key>
			<string>0</string>
			<key>isa</key>
			<string>PBXFileReference</string>
			<key>name</key>
			<string>iambleTests.octest</string>
			<key>path</key>
			<string>iambleTests.octest</string>
			<key>sourceTree</key>
			<string>BUILT_PRODUCTS_DIR</string>
		</dict>
		<key>D8B87DB81579E76600310696</key>
		<dict>
			<key>isa</key>
			<string>PBXFileReference</string>
			<key>lastKnownFileType</key>
			<string>wrapper.framework</string>
			<key>name</key>
			<string>SenTestingKit.framework</string>
			<key>path</key>
			<string>Library/Frameworks/SenTestingKit.framework</string>
			<key>sourceTree</key>
			<string>DEVELOPER_DIR</string>
		</dict>
		<key>D8B87DB91579E76600310696</key>
		<dict>
			<key>fileRef</key>
			<string>D8B87DB81579E76600310696</string>
			<key>isa</key>
			<string>PBXBuildFile</string>
		</dict>
		<key>D8B87DBA1579E76600310696</key>
		<dict>
			<key>fileRef</key>
			<string>D8B87D981579E76600310696</string>
			<key>isa</key>
			<string>PBXBuildFile</string>
		</dict>
		<key>D8B87DBB1579E76600310696</key>
		<dict>
			<key>fileRef</key>
			<string>D8B87D9A1579E76600310696</string>
			<key>isa</key>
			<string>PBXBuildFile</string>
		</dict>
		<key>D8B87DBC1579E76600310696</key>
		<dict>
			<key>containerPortal</key>
			<string>D8B87D8B1579E76600310696</string>
			<key>isa</key>
			<string>PBXContainerItemProxy</string>
			<key>proxyType</key>
			<string>1</string>
			<key>remoteGlobalIDString</key>
			<string>D8B87D931579E76600310696</string>
			<key>remoteInfo</key>
			<string>iamble</string>
		</dict>
		<key>D8B87DBD1579E76600310696</key>
		<dict>
			<key>isa</key>
			<string>PBXTargetDependency</string>
			<key>target</key>
			<string>D8B87D931579E76600310696</string>
			<key>targetProxy</key>
			<string>D8B87DBC1579E76600310696</string>
		</dict>
		<key>D8B87DBE1579E76600310696</key>
		<dict>
			<key>children</key>
			<array>
				<string>D8B87DC41579E76600310696</string>
				<string>D8B87DC51579E76600310696</string>
				<string>D8B87DBF1579E76600310696</string>
			</array>
			<key>isa</key>
			<string>PBXGroup</string>
			<key>path</key>
			<string>iambleTests</string>
			<key>sourceTree</key>
			<string>&lt;group&gt;</string>
		</dict>
		<key>D8B87DBF1579E76600310696</key>
		<dict>
			<key>children</key>
			<array>
				<string>D8B87DC01579E76600310696</string>
				<string>D8B87DC11579E76600310696</string>
			</array>
			<key>isa</key>
			<string>PBXGroup</string>
			<key>name</key>
			<string>Supporting Files</string>
			<key>sourceTree</key>
			<string>&lt;group&gt;</string>
		</dict>
		<key>D8B87DC01579E76600310696</key>
		<dict>
			<key>isa</key>
			<string>PBXFileReference</string>
			<key>lastKnownFileType</key>
			<string>text.plist.xml</string>
			<key>name</key>
			<string>iambleTests-Info.plist</string>
			<key>path</key>
			<string>iambleTests-Info.plist</string>
			<key>sourceTree</key>
			<string>&lt;group&gt;</string>
		</dict>
		<key>D8B87DC11579E76600310696</key>
		<dict>
			<key>children</key>
			<array>
				<string>D8B87DC21579E76600310696</string>
			</array>
			<key>isa</key>
			<string>PBXVariantGroup</string>
			<key>name</key>
			<string>InfoPlist.strings</string>
			<key>sourceTree</key>
			<string>&lt;group&gt;</string>
		</dict>
		<key>D8B87DC21579E76600310696</key>
		<dict>
			<key>isa</key>
			<string>PBXFileReference</string>
			<key>lastKnownFileType</key>
			<string>text.plist.strings</string>
			<key>name</key>
			<string>en</string>
			<key>path</key>
			<string>en.lproj/InfoPlist.strings</string>
			<key>sourceTree</key>
			<string>&lt;group&gt;</string>
		</dict>
		<key>D8B87DC31579E76600310696</key>
		<dict>
			<key>fileRef</key>
			<string>D8B87DC11579E76600310696</string>
			<key>isa</key>
			<string>PBXBuildFile</string>
		</dict>
		<key>D8B87DC41579E76600310696</key>
		<dict>
			<key>isa</key>
			<string>PBXFileReference</string>
			<key>lastKnownFileType</key>
			<string>sourcecode.c.h</string>
			<key>name</key>
			<string>iambleTests.h</string>
			<key>path</key>
			<string>iambleTests.h</string>
			<key>sourceTree</key>
			<string>&lt;group&gt;</string>
		</dict>
		<key>D8B87DC51579E76600310696</key>
		<dict>
			<key>isa</key>
			<string>PBXFileReference</string>
			<key>lastKnownFileType</key>
			<string>sourcecode.c.objc</string>
			<key>name</key>
			<string>iambleTests.m</string>
			<key>path</key>
			<string>iambleTests.m</string>
			<key>sourceTree</key>
			<string>&lt;group&gt;</string>
		</dict>
		<key>D8B87DC61579E76600310696</key>
		<dict>
			<key>fileRef</key>
			<string>D8B87DC51579E76600310696</string>
			<key>isa</key>
			<string>PBXBuildFile</string>
		</dict>
		<key>D8B87DC71579E76600310696</key>
		<dict>
			<key>buildSettings</key>
			<dict>
				<key>ALWAYS_SEARCH_USER_PATHS</key>
				<string>NO</string>
				<key>ARCHS</key>
				<string>$(ARCHS_STANDARD_32_BIT)</string>
				<key>CLANG_ENABLE_OBJC_ARC</key>
				<string>YES</string>
				<key>CLANG_WARN__DUPLICATE_METHOD_MATCH</key>
				<string>YES</string>
				<key>CODE_SIGN_IDENTITY[sdk=iphoneos*]</key>
				<string>iPhone Developer</string>
				<key>COPY_PHASE_STRIP</key>
				<string>NO</string>
				<key>GCC_C_LANGUAGE_STANDARD</key>
				<string>gnu99</string>
				<key>GCC_DYNAMIC_NO_PIC</key>
				<string>NO</string>
				<key>GCC_OPTIMIZATION_LEVEL</key>
				<string>0</string>
				<key>GCC_PREPROCESSOR_DEFINITIONS</key>
				<array>
					<string>DEBUG=1</string>
					<string>$(inherited)</string>
				</array>
				<key>GCC_SYMBOLS_PRIVATE_EXTERN</key>
				<string>NO</string>
				<key>GCC_VERSION</key>
				<string>com.apple.compilers.llvm.clang.1_0</string>
				<key>GCC_WARN_ABOUT_RETURN_TYPE</key>
				<string>YES</string>
				<key>GCC_WARN_UNINITIALIZED_AUTOS</key>
				<string>YES</string>
				<key>GCC_WARN_UNUSED_VARIABLE</key>
				<string>YES</string>
				<key>IPHONEOS_DEPLOYMENT_TARGET</key>
				<string>5.1</string>
				<key>SDKROOT</key>
				<string>iphoneos</string>
			</dict>
			<key>isa</key>
			<string>XCBuildConfiguration</string>
			<key>name</key>
			<string>Debug</string>
		</dict>
		<key>D8B87DC81579E76600310696</key>
		<dict>
			<key>buildSettings</key>
			<dict>
				<key>ALWAYS_SEARCH_USER_PATHS</key>
				<string>NO</string>
				<key>ARCHS</key>
				<string>$(ARCHS_STANDARD_32_BIT)</string>
				<key>CLANG_ENABLE_OBJC_ARC</key>
				<string>YES</string>
				<key>CLANG_WARN__DUPLICATE_METHOD_MATCH</key>
				<string>YES</string>
				<key>CODE_SIGN_IDENTITY[sdk=iphoneos*]</key>
				<string>iPhone Developer</string>
				<key>COPY_PHASE_STRIP</key>
				<string>YES</string>
				<key>GCC_C_LANGUAGE_STANDARD</key>
				<string>gnu99</string>
				<key>GCC_VERSION</key>
				<string>com.apple.compilers.llvm.clang.1_0</string>
				<key>GCC_WARN_ABOUT_RETURN_TYPE</key>
				<string>YES</string>
				<key>GCC_WARN_UNINITIALIZED_AUTOS</key>
				<string>YES</string>
				<key>GCC_WARN_UNUSED_VARIABLE</key>
				<string>YES</string>
				<key>IPHONEOS_DEPLOYMENT_TARGET</key>
				<string>5.1</string>
				<key>OTHER_CFLAGS</key>
				<string>-DNS_BLOCK_ASSERTIONS=1</string>
				<key>SDKROOT</key>
				<string>iphoneos</string>
				<key>VALIDATE_PRODUCT</key>
				<string>YES</string>
			</dict>
			<key>isa</key>
			<string>XCBuildConfiguration</string>
			<key>name</key>
			<string>Release</string>
		</dict>
		<key>D8B87DC91579E76600310696</key>
		<dict>
			<key>buildConfigurations</key>
			<array>
				<string>D8B87DCA1579E76600310696</string>
				<string>D8B87DCB1579E76600310696</string>
			</array>
			<key>defaultConfigurationIsVisible</key>
			<string>0</string>
			<key>isa</key>
			<string>XCConfigurationList</string>
		</dict>
		<key>D8B87DCA1579E76600310696</key>
		<dict>
			<key>baseConfigurationReference</key>
			<string>478962866C9C4522951EEAF8</string>
			<key>buildSettings</key>
			<dict>
				<key>CODE_SIGN_ENTITLEMENTS</key>
				<string>iamble/iamble.entitlements</string>
				<key>DSTROOT</key>
				<string>/tmp/xcodeproj.dst</string>
				<key>GCC_PRECOMPILE_PREFIX_HEADER</key>
				<string>YES</string>
				<key>GCC_PREFIX_HEADER</key>
				<string>iamble/iamble-Prefix.pch</string>
				<key>GCC_VERSION</key>
				<string>com.apple.compilers.llvm.clang.1_0</string>
				<key>INFOPLIST_FILE</key>
				<string>iamble/iamble-Info.plist</string>
				<key>PRODUCT_NAME</key>
				<string>$(TARGET_NAME)</string>
				<key>SKIP_INSTALL</key>
				<string>YES</string>
				<key>WRAPPER_EXTENSION</key>
				<string>app</string>
			</dict>
			<key>isa</key>
			<string>XCBuildConfiguration</string>
			<key>name</key>
			<string>Debug</string>
		</dict>
		<key>D8B87DCB1579E76600310696</key>
		<dict>
			<key>baseConfigurationReference</key>
			<string>478962866C9C4522951EEAF8</string>
			<key>buildSettings</key>
			<dict>
				<key>CODE_SIGN_ENTITLEMENTS</key>
				<string>iamble/iamble.entitlements</string>
				<key>DSTROOT</key>
				<string>/tmp/xcodeproj.dst</string>
				<key>GCC_PRECOMPILE_PREFIX_HEADER</key>
				<string>YES</string>
				<key>GCC_PREFIX_HEADER</key>
				<string>iamble/iamble-Prefix.pch</string>
				<key>GCC_VERSION</key>
				<string>com.apple.compilers.llvm.clang.1_0</string>
				<key>INFOPLIST_FILE</key>
				<string>iamble/iamble-Info.plist</string>
				<key>PRODUCT_NAME</key>
				<string>$(TARGET_NAME)</string>
				<key>SKIP_INSTALL</key>
				<string>YES</string>
				<key>WRAPPER_EXTENSION</key>
				<string>app</string>
			</dict>
			<key>isa</key>
			<string>XCBuildConfiguration</string>
			<key>name</key>
			<string>Release</string>
		</dict>
		<key>D8B87DCC1579E76600310696</key>
		<dict>
			<key>buildConfigurations</key>
			<array>
				<string>D8B87DCD1579E76600310696</string>
				<string>D8B87DCE1579E76600310696</string>
			</array>
			<key>defaultConfigurationIsVisible</key>
			<string>0</string>
			<key>isa</key>
			<string>XCConfigurationList</string>
		</dict>
		<key>D8B87DCD1579E76600310696</key>
		<dict>
			<key>baseConfigurationReference</key>
			<string>478962866C9C4522951EEAF8</string>
			<key>buildSettings</key>
			<dict>
				<key>BUNDLE_LOADER</key>
				<string>$(BUILT_PRODUCTS_DIR)/iamble.app/iamble</string>
				<key>DSTROOT</key>
				<string>/tmp/xcodeproj.dst</string>
				<key>FRAMEWORK_SEARCH_PATHS</key>
				<array>
					<string>"$(SDKROOT)/Developer/Library/Frameworks"</string>
					<string>"$(DEVELOPER_LIBRARY_DIR)/Frameworks"</string>
				</array>
				<key>GCC_PRECOMPILE_PREFIX_HEADER</key>
				<string>YES</string>
				<key>GCC_PREFIX_HEADER</key>
				<string>iamble/iamble-Prefix.pch</string>
				<key>GCC_VERSION</key>
				<string>com.apple.compilers.llvm.clang.1_0</string>
				<key>INFOPLIST_FILE</key>
				<string>iambleTests/iambleTests-Info.plist</string>
				<key>PRODUCT_NAME</key>
				<string>$(TARGET_NAME)</string>
				<key>SKIP_INSTALL</key>
				<string>YES</string>
				<key>TEST_HOST</key>
				<string>$(BUNDLE_LOADER)</string>
				<key>WRAPPER_EXTENSION</key>
				<string>octest</string>
			</dict>
			<key>isa</key>
			<string>XCBuildConfiguration</string>
			<key>name</key>
			<string>Debug</string>
		</dict>
		<key>D8B87DCE1579E76600310696</key>
		<dict>
			<key>baseConfigurationReference</key>
			<string>478962866C9C4522951EEAF8</string>
			<key>buildSettings</key>
			<dict>
				<key>BUNDLE_LOADER</key>
				<string>$(BUILT_PRODUCTS_DIR)/iamble.app/iamble</string>
				<key>DSTROOT</key>
				<string>/tmp/xcodeproj.dst</string>
				<key>FRAMEWORK_SEARCH_PATHS</key>
				<array>
					<string>"$(SDKROOT)/Developer/Library/Frameworks"</string>
					<string>"$(DEVELOPER_LIBRARY_DIR)/Frameworks"</string>
				</array>
				<key>GCC_PRECOMPILE_PREFIX_HEADER</key>
				<string>YES</string>
				<key>GCC_PREFIX_HEADER</key>
				<string>iamble/iamble-Prefix.pch</string>
				<key>GCC_VERSION</key>
				<string>com.apple.compilers.llvm.clang.1_0</string>
				<key>INFOPLIST_FILE</key>
				<string>iambleTests/iambleTests-Info.plist</string>
				<key>PRODUCT_NAME</key>
				<string>$(TARGET_NAME)</string>
				<key>SKIP_INSTALL</key>
				<string>YES</string>
				<key>TEST_HOST</key>
				<string>$(BUNDLE_LOADER)</string>
				<key>WRAPPER_EXTENSION</key>
				<string>octest</string>
			</dict>
			<key>isa</key>
			<string>XCBuildConfiguration</string>
			<key>name</key>
			<string>Release</string>
		</dict>
		<key>E4FD3D12CAC3449FAEF7C04C</key>
		<dict>
			<key>fileRef</key>
			<string>495DDB46F94C451585862A06</string>
			<key>isa</key>
			<string>PBXBuildFile</string>
		</dict>
	</dict>
	<key>rootObject</key>
	<string>D8B87D8B1579E76600310696</string>
</dict>
</plist>
