// !$*UTF8*$!
{
	archiveVersion = 1;
	classes = {
	};
	objectVersion = 46;
	objects = {

/* Begin PBXBuildFile section */
		C06CB7DF08704CC4987DDB59 /* libPods.a in Frameworks */ = {isa = PBXBuildFile; fileRef = 495DDB46F94C451585862A06 /* libPods.a */; };
		D8079AFF157AF86800117088 /* RecomendationViewController.m in Sources */ = {isa = PBXBuildFile; fileRef = D8079AFE157AF86800117088 /* RecomendationViewController.m */; };
		D80AC879157B1A6900A1832E /* GTMHTTPFetcher.m in Sources */ = {isa = PBXBuildFile; fileRef = D80AC871157B1A6900A1832E /* GTMHTTPFetcher.m */; };
		D80AC87A157B1A6900A1832E /* GTMOAuthAuthentication.m in Sources */ = {isa = PBXBuildFile; fileRef = D80AC873157B1A6900A1832E /* GTMOAuthAuthentication.m */; };
		D80AC87B157B1A6900A1832E /* GTMOAuthSignIn.m in Sources */ = {isa = PBXBuildFile; fileRef = D80AC875157B1A6900A1832E /* GTMOAuthSignIn.m */; };
		D80AC87C157B1A6900A1832E /* GTMOAuthViewControllerTouch.m in Sources */ = {isa = PBXBuildFile; fileRef = D80AC877157B1A6900A1832E /* GTMOAuthViewControllerTouch.m */; };
		D80AC87D157B1A6900A1832E /* GTMOAuthViewTouch.xib in Resources */ = {isa = PBXBuildFile; fileRef = D80AC878157B1A6900A1832E /* GTMOAuthViewTouch.xib */; };
		D81FB5F2157AA865008B4C2D /* GTMHTTPFetcher.m in Sources */ = {isa = PBXBuildFile; fileRef = D81FB5EA157AA865008B4C2D /* GTMHTTPFetcher.m */; settings = {COMPILER_FLAGS = "-fno-objc-arc"; }; };
		D81FB5F3157AA865008B4C2D /* GTMOAuth2Authentication.m in Sources */ = {isa = PBXBuildFile; fileRef = D81FB5EC157AA865008B4C2D /* GTMOAuth2Authentication.m */; settings = {COMPILER_FLAGS = "-fno-objc-arc"; }; };
		D81FB5F4157AA865008B4C2D /* GTMOAuth2SignIn.m in Sources */ = {isa = PBXBuildFile; fileRef = D81FB5EE157AA865008B4C2D /* GTMOAuth2SignIn.m */; settings = {COMPILER_FLAGS = "-fno-objc-arc"; }; };
		D81FB5F5157AA865008B4C2D /* GTMOAuth2ViewControllerTouch.m in Sources */ = {isa = PBXBuildFile; fileRef = D81FB5F0157AA865008B4C2D /* GTMOAuth2ViewControllerTouch.m */; settings = {COMPILER_FLAGS = "-fno-objc-arc"; }; };
		D81FB5F6157AA865008B4C2D /* GTMOAuth2ViewTouch.xib in Resources */ = {isa = PBXBuildFile; fileRef = D81FB5F1157AA865008B4C2D /* GTMOAuth2ViewTouch.xib */; };
		D81FB5F9157AAB8D008B4C2D /* SystemConfiguration.framework in Frameworks */ = {isa = PBXBuildFile; fileRef = D81FB5F8157AAB8D008B4C2D /* SystemConfiguration.framework */; };
		D81FB5FB157AAB94008B4C2D /* Security.framework in Frameworks */ = {isa = PBXBuildFile; fileRef = D81FB5FA157AAB94008B4C2D /* Security.framework */; };
		D81FB616157AD173008B4C2D /* SinglyServiceConnection.m in Sources */ = {isa = PBXBuildFile; fileRef = D81FB615157AD173008B4C2D /* SinglyServiceConnection.m */; };
		D89AE121157A7F6600B74554 /* foursquare-logo.png in Resources */ = {isa = PBXBuildFile; fileRef = D89AE120157A7F6600B74554 /* foursquare-logo.png */; };
		D89AE124157A7F7C00B74554 /* logo_twitter_withbird_1000_white_blue.png in Resources */ = {isa = PBXBuildFile; fileRef = D89AE123157A7F7C00B74554 /* logo_twitter_withbird_1000_white_blue.png */; };
		D8AE54491579F014004E2E10 /* ChooseAmbleViewController.m in Sources */ = {isa = PBXBuildFile; fileRef = D8AE54481579F014004E2E10 /* ChooseAmbleViewController.m */; };
		D8AE544C1579F077004E2E10 /* iambleServiceConnection.m in Sources */ = {isa = PBXBuildFile; fileRef = D8AE544B1579F077004E2E10 /* iambleServiceConnection.m */; };
		D8AE545A1579FC32004E2E10 /* SliderView.m in Sources */ = {isa = PBXBuildFile; fileRef = D8AE54591579FC32004E2E10 /* SliderView.m */; };
		D8B87D991579E76600310696 /* UIKit.framework in Frameworks */ = {isa = PBXBuildFile; fileRef = D8B87D981579E76600310696 /* UIKit.framework */; };
		D8B87D9B1579E76600310696 /* Foundation.framework in Frameworks */ = {isa = PBXBuildFile; fileRef = D8B87D9A1579E76600310696 /* Foundation.framework */; };
		D8B87D9D1579E76600310696 /* CoreGraphics.framework in Frameworks */ = {isa = PBXBuildFile; fileRef = D8B87D9C1579E76600310696 /* CoreGraphics.framework */; };
		D8B87DA31579E76600310696 /* InfoPlist.strings in Resources */ = {isa = PBXBuildFile; fileRef = D8B87DA11579E76600310696 /* InfoPlist.strings */; };
		D8B87DA51579E76600310696 /* main.m in Sources */ = {isa = PBXBuildFile; fileRef = D8B87DA41579E76600310696 /* main.m */; };
		D8B87DA91579E76600310696 /* AppDelegate.m in Sources */ = {isa = PBXBuildFile; fileRef = D8B87DA81579E76600310696 /* AppDelegate.m */; };
		D8B87DAB1579E76600310696 /* iamble.entitlements in Resources */ = {isa = PBXBuildFile; fileRef = D8B87DAA1579E76600310696 /* iamble.entitlements */; };
		D8B87DAE1579E76600310696 /* MainStoryboard.storyboard in Resources */ = {isa = PBXBuildFile; fileRef = D8B87DAC1579E76600310696 /* MainStoryboard.storyboard */; };
		D8B87DB91579E76600310696 /* SenTestingKit.framework in Frameworks */ = {isa = PBXBuildFile; fileRef = D8B87DB81579E76600310696 /* SenTestingKit.framework */; };
		D8B87DBA1579E76600310696 /* UIKit.framework in Frameworks */ = {isa = PBXBuildFile; fileRef = D8B87D981579E76600310696 /* UIKit.framework */; };
		D8B87DBB1579E76600310696 /* Foundation.framework in Frameworks */ = {isa = PBXBuildFile; fileRef = D8B87D9A1579E76600310696 /* Foundation.framework */; };
		D8B87DC31579E76600310696 /* InfoPlist.strings in Resources */ = {isa = PBXBuildFile; fileRef = D8B87DC11579E76600310696 /* InfoPlist.strings */; };
		D8B87DC61579E76600310696 /* iambleTests.m in Sources */ = {isa = PBXBuildFile; fileRef = D8B87DC51579E76600310696 /* iambleTests.m */; };
		E4FD3D12CAC3449FAEF7C04C /* libPods.a in Frameworks */ = {isa = PBXBuildFile; fileRef = 495DDB46F94C451585862A06 /* libPods.a */; };
/* End PBXBuildFile section */

/* Begin PBXContainerItemProxy section */
		D8B87DBC1579E76600310696 /* PBXContainerItemProxy */ = {
			isa = PBXContainerItemProxy;
			containerPortal = D8B87D8B1579E76600310696 /* Project object */;
			proxyType = 1;
			remoteGlobalIDString = D8B87D931579E76600310696;
			remoteInfo = iamble;
		};
/* End PBXContainerItemProxy section */

/* Begin PBXFileReference section */
		478962866C9C4522951EEAF8 /* Pods.xcconfig */ = {isa = PBXFileReference; lastKnownFileType = text.xcconfig; name = Pods.xcconfig; path = Pods/Pods.xcconfig; sourceTree = SOURCE_ROOT; };
		495DDB46F94C451585862A06 /* libPods.a */ = {isa = PBXFileReference; explicitFileType = archive.ar; includeInIndex = 0; path = libPods.a; sourceTree = BUILT_PRODUCTS_DIR; };
		D8079AFD157AF86800117088 /* RecomendationViewController.h */ = {isa = PBXFileReference; fileEncoding = 4; lastKnownFileType = sourcecode.c.h; path = RecomendationViewController.h; sourceTree = "<group>"; };
		D8079AFE157AF86800117088 /* RecomendationViewController.m */ = {isa = PBXFileReference; fileEncoding = 4; lastKnownFileType = sourcecode.c.objc; path = RecomendationViewController.m; sourceTree = "<group>"; };
		D80AC870157B1A6900A1832E /* GTMHTTPFetcher.h */ = {isa = PBXFileReference; fileEncoding = 4; lastKnownFileType = sourcecode.c.h; path = GTMHTTPFetcher.h; sourceTree = "<group>"; };
		D80AC871157B1A6900A1832E /* GTMHTTPFetcher.m */ = {isa = PBXFileReference; fileEncoding = 4; lastKnownFileType = sourcecode.c.objc; path = GTMHTTPFetcher.m; sourceTree = "<group>"; };
		D80AC872157B1A6900A1832E /* GTMOAuthAuthentication.h */ = {isa = PBXFileReference; fileEncoding = 4; lastKnownFileType = sourcecode.c.h; path = GTMOAuthAuthentication.h; sourceTree = "<group>"; };
		D80AC873157B1A6900A1832E /* GTMOAuthAuthentication.m */ = {isa = PBXFileReference; fileEncoding = 4; lastKnownFileType = sourcecode.c.objc; path = GTMOAuthAuthentication.m; sourceTree = "<group>"; };
		D80AC874157B1A6900A1832E /* GTMOAuthSignIn.h */ = {isa = PBXFileReference; fileEncoding = 4; lastKnownFileType = sourcecode.c.h; path = GTMOAuthSignIn.h; sourceTree = "<group>"; };
		D80AC875157B1A6900A1832E /* GTMOAuthSignIn.m */ = {isa = PBXFileReference; fileEncoding = 4; lastKnownFileType = sourcecode.c.objc; path = GTMOAuthSignIn.m; sourceTree = "<group>"; };
		D80AC876157B1A6900A1832E /* GTMOAuthViewControllerTouch.h */ = {isa = PBXFileReference; fileEncoding = 4; lastKnownFileType = sourcecode.c.h; path = GTMOAuthViewControllerTouch.h; sourceTree = "<group>"; };
		D80AC877157B1A6900A1832E /* GTMOAuthViewControllerTouch.m */ = {isa = PBXFileReference; fileEncoding = 4; lastKnownFileType = sourcecode.c.objc; path = GTMOAuthViewControllerTouch.m; sourceTree = "<group>"; };
		D80AC878157B1A6900A1832E /* GTMOAuthViewTouch.xib */ = {isa = PBXFileReference; fileEncoding = 4; lastKnownFileType = file.xib; path = GTMOAuthViewTouch.xib; sourceTree = "<group>"; };
		D81FB5E9157AA865008B4C2D /* GTMHTTPFetcher.h */ = {isa = PBXFileReference; fileEncoding = 4; lastKnownFileType = sourcecode.c.h; path = GTMHTTPFetcher.h; sourceTree = "<group>"; };
		D81FB5EA157AA865008B4C2D /* GTMHTTPFetcher.m */ = {isa = PBXFileReference; fileEncoding = 4; lastKnownFileType = sourcecode.c.objc; path = GTMHTTPFetcher.m; sourceTree = "<group>"; };
		D81FB5EB157AA865008B4C2D /* GTMOAuth2Authentication.h */ = {isa = PBXFileReference; fileEncoding = 4; lastKnownFileType = sourcecode.c.h; path = GTMOAuth2Authentication.h; sourceTree = "<group>"; };
		D81FB5EC157AA865008B4C2D /* GTMOAuth2Authentication.m */ = {isa = PBXFileReference; fileEncoding = 4; lastKnownFileType = sourcecode.c.objc; path = GTMOAuth2Authentication.m; sourceTree = "<group>"; };
		D81FB5ED157AA865008B4C2D /* GTMOAuth2SignIn.h */ = {isa = PBXFileReference; fileEncoding = 4; lastKnownFileType = sourcecode.c.h; path = GTMOAuth2SignIn.h; sourceTree = "<group>"; };
		D81FB5EE157AA865008B4C2D /* GTMOAuth2SignIn.m */ = {isa = PBXFileReference; fileEncoding = 4; lastKnownFileType = sourcecode.c.objc; path = GTMOAuth2SignIn.m; sourceTree = "<group>"; };
		D81FB5EF157AA865008B4C2D /* GTMOAuth2ViewControllerTouch.h */ = {isa = PBXFileReference; fileEncoding = 4; lastKnownFileType = sourcecode.c.h; path = GTMOAuth2ViewControllerTouch.h; sourceTree = "<group>"; };
		D81FB5F0157AA865008B4C2D /* GTMOAuth2ViewControllerTouch.m */ = {isa = PBXFileReference; fileEncoding = 4; lastKnownFileType = sourcecode.c.objc; path = GTMOAuth2ViewControllerTouch.m; sourceTree = "<group>"; };
		D81FB5F1157AA865008B4C2D /* GTMOAuth2ViewTouch.xib */ = {isa = PBXFileReference; fileEncoding = 4; lastKnownFileType = file.xib; path = GTMOAuth2ViewTouch.xib; sourceTree = "<group>"; };
		D81FB5F8157AAB8D008B4C2D /* SystemConfiguration.framework */ = {isa = PBXFileReference; lastKnownFileType = wrapper.framework; name = SystemConfiguration.framework; path = System/Library/Frameworks/SystemConfiguration.framework; sourceTree = SDKROOT; };
		D81FB5FA157AAB94008B4C2D /* Security.framework */ = {isa = PBXFileReference; lastKnownFileType = wrapper.framework; name = Security.framework; path = System/Library/Frameworks/Security.framework; sourceTree = SDKROOT; };
		D81FB614157AD173008B4C2D /* SinglyServiceConnection.h */ = {isa = PBXFileReference; fileEncoding = 4; lastKnownFileType = sourcecode.c.h; path = SinglyServiceConnection.h; sourceTree = "<group>"; };
		D81FB615157AD173008B4C2D /* SinglyServiceConnection.m */ = {isa = PBXFileReference; fileEncoding = 4; lastKnownFileType = sourcecode.c.objc; path = SinglyServiceConnection.m; sourceTree = "<group>"; };
		D89AE120157A7F6600B74554 /* foursquare-logo.png */ = {isa = PBXFileReference; lastKnownFileType = image.png; path = "foursquare-logo.png"; sourceTree = "<group>"; };
		D89AE123157A7F7C00B74554 /* logo_twitter_withbird_1000_white_blue.png */ = {isa = PBXFileReference; lastKnownFileType = image.png; path = logo_twitter_withbird_1000_white_blue.png; sourceTree = "<group>"; };
		D8AE54471579F014004E2E10 /* ChooseAmbleViewController.h */ = {isa = PBXFileReference; fileEncoding = 4; lastKnownFileType = sourcecode.c.h; path = ChooseAmbleViewController.h; sourceTree = "<group>"; };
		D8AE54481579F014004E2E10 /* ChooseAmbleViewController.m */ = {isa = PBXFileReference; fileEncoding = 4; lastKnownFileType = sourcecode.c.objc; path = ChooseAmbleViewController.m; sourceTree = "<group>"; };
		D8AE544A1579F077004E2E10 /* iambleServiceConnection.h */ = {isa = PBXFileReference; fileEncoding = 4; lastKnownFileType = sourcecode.c.h; path = iambleServiceConnection.h; sourceTree = "<group>"; };
		D8AE544B1579F077004E2E10 /* iambleServiceConnection.m */ = {isa = PBXFileReference; fileEncoding = 4; lastKnownFileType = sourcecode.c.objc; path = iambleServiceConnection.m; sourceTree = "<group>"; };
		D8AE54581579FC32004E2E10 /* SliderView.h */ = {isa = PBXFileReference; fileEncoding = 4; lastKnownFileType = sourcecode.c.h; path = SliderView.h; sourceTree = "<group>"; };
		D8AE54591579FC32004E2E10 /* SliderView.m */ = {isa = PBXFileReference; fileEncoding = 4; lastKnownFileType = sourcecode.c.objc; path = SliderView.m; sourceTree = "<group>"; };
		D8B87D941579E76600310696 /* iamble.app */ = {isa = PBXFileReference; explicitFileType = wrapper.application; includeInIndex = 0; path = iamble.app; sourceTree = BUILT_PRODUCTS_DIR; };
		D8B87D981579E76600310696 /* UIKit.framework */ = {isa = PBXFileReference; lastKnownFileType = wrapper.framework; name = UIKit.framework; path = System/Library/Frameworks/UIKit.framework; sourceTree = SDKROOT; };
		D8B87D9A1579E76600310696 /* Foundation.framework */ = {isa = PBXFileReference; lastKnownFileType = wrapper.framework; name = Foundation.framework; path = System/Library/Frameworks/Foundation.framework; sourceTree = SDKROOT; };
		D8B87D9C1579E76600310696 /* CoreGraphics.framework */ = {isa = PBXFileReference; lastKnownFileType = wrapper.framework; name = CoreGraphics.framework; path = System/Library/Frameworks/CoreGraphics.framework; sourceTree = SDKROOT; };
		D8B87DA01579E76600310696 /* iamble-Info.plist */ = {isa = PBXFileReference; lastKnownFileType = text.plist.xml; path = "iamble-Info.plist"; sourceTree = "<group>"; };
		D8B87DA21579E76600310696 /* en */ = {isa = PBXFileReference; lastKnownFileType = text.plist.strings; name = en; path = en.lproj/InfoPlist.strings; sourceTree = "<group>"; };
		D8B87DA41579E76600310696 /* main.m */ = {isa = PBXFileReference; lastKnownFileType = sourcecode.c.objc; path = main.m; sourceTree = "<group>"; };
		D8B87DA61579E76600310696 /* iamble-Prefix.pch */ = {isa = PBXFileReference; lastKnownFileType = sourcecode.c.h; path = "iamble-Prefix.pch"; sourceTree = "<group>"; };
		D8B87DA71579E76600310696 /* AppDelegate.h */ = {isa = PBXFileReference; lastKnownFileType = sourcecode.c.h; path = AppDelegate.h; sourceTree = "<group>"; };
		D8B87DA81579E76600310696 /* AppDelegate.m */ = {isa = PBXFileReference; lastKnownFileType = sourcecode.c.objc; path = AppDelegate.m; sourceTree = "<group>"; };
		D8B87DAA1579E76600310696 /* iamble.entitlements */ = {isa = PBXFileReference; lastKnownFileType = text.xml; path = iamble.entitlements; sourceTree = "<group>"; };
		D8B87DAD1579E76600310696 /* en */ = {isa = PBXFileReference; lastKnownFileType = file.storyboard; name = en; path = en.lproj/MainStoryboard.storyboard; sourceTree = "<group>"; };
		D8B87DB71579E76600310696 /* iambleTests.octest */ = {isa = PBXFileReference; explicitFileType = wrapper.cfbundle; includeInIndex = 0; path = iambleTests.octest; sourceTree = BUILT_PRODUCTS_DIR; };
		D8B87DB81579E76600310696 /* SenTestingKit.framework */ = {isa = PBXFileReference; lastKnownFileType = wrapper.framework; name = SenTestingKit.framework; path = Library/Frameworks/SenTestingKit.framework; sourceTree = DEVELOPER_DIR; };
		D8B87DC01579E76600310696 /* iambleTests-Info.plist */ = {isa = PBXFileReference; lastKnownFileType = text.plist.xml; path = "iambleTests-Info.plist"; sourceTree = "<group>"; };
		D8B87DC21579E76600310696 /* en */ = {isa = PBXFileReference; lastKnownFileType = text.plist.strings; name = en; path = en.lproj/InfoPlist.strings; sourceTree = "<group>"; };
		D8B87DC41579E76600310696 /* iambleTests.h */ = {isa = PBXFileReference; lastKnownFileType = sourcecode.c.h; path = iambleTests.h; sourceTree = "<group>"; };
		D8B87DC51579E76600310696 /* iambleTests.m */ = {isa = PBXFileReference; lastKnownFileType = sourcecode.c.objc; path = iambleTests.m; sourceTree = "<group>"; };
/* End PBXFileReference section */

/* Begin PBXFrameworksBuildPhase section */
		D8B87D911579E76600310696 /* Frameworks */ = {
			isa = PBXFrameworksBuildPhase;
			buildActionMask = 2147483647;
			files = (
				D81FB5FB157AAB94008B4C2D /* Security.framework in Frameworks */,
				D81FB5F9157AAB8D008B4C2D /* SystemConfiguration.framework in Frameworks */,
				D8B87D991579E76600310696 /* UIKit.framework in Frameworks */,
				D8B87D9B1579E76600310696 /* Foundation.framework in Frameworks */,
				D8B87D9D1579E76600310696 /* CoreGraphics.framework in Frameworks */,
				E4FD3D12CAC3449FAEF7C04C /* libPods.a in Frameworks */,
			);
			runOnlyForDeploymentPostprocessing = 0;
		};
		D8B87DB31579E76600310696 /* Frameworks */ = {
			isa = PBXFrameworksBuildPhase;
			buildActionMask = 2147483647;
			files = (
				D8B87DB91579E76600310696 /* SenTestingKit.framework in Frameworks */,
				D8B87DBA1579E76600310696 /* UIKit.framework in Frameworks */,
				D8B87DBB1579E76600310696 /* Foundation.framework in Frameworks */,
				C06CB7DF08704CC4987DDB59 /* libPods.a in Frameworks */,
			);
			runOnlyForDeploymentPostprocessing = 0;
		};
/* End PBXFrameworksBuildPhase section */

/* Begin PBXGroup section */
		D80AC86F157B1A6800A1832E /* gtm-oauth */ = {
			isa = PBXGroup;
			children = (
				D80AC870157B1A6900A1832E /* GTMHTTPFetcher.h */,
				D80AC871157B1A6900A1832E /* GTMHTTPFetcher.m */,
				D80AC872157B1A6900A1832E /* GTMOAuthAuthentication.h */,
				D80AC873157B1A6900A1832E /* GTMOAuthAuthentication.m */,
				D80AC874157B1A6900A1832E /* GTMOAuthSignIn.h */,
				D80AC875157B1A6900A1832E /* GTMOAuthSignIn.m */,
				D80AC876157B1A6900A1832E /* GTMOAuthViewControllerTouch.h */,
				D80AC877157B1A6900A1832E /* GTMOAuthViewControllerTouch.m */,
				D80AC878157B1A6900A1832E /* GTMOAuthViewTouch.xib */,
			);
			path = "gtm-oauth";
			sourceTree = "<group>";
		};
		D81FB5E8157AA865008B4C2D /* gtm-oauth2 */ = {
			isa = PBXGroup;
			children = (
				D81FB5E9157AA865008B4C2D /* GTMHTTPFetcher.h */,
				D81FB5EA157AA865008B4C2D /* GTMHTTPFetcher.m */,
				D81FB5EB157AA865008B4C2D /* GTMOAuth2Authentication.h */,
				D81FB5EC157AA865008B4C2D /* GTMOAuth2Authentication.m */,
				D81FB5ED157AA865008B4C2D /* GTMOAuth2SignIn.h */,
				D81FB5EE157AA865008B4C2D /* GTMOAuth2SignIn.m */,
				D81FB5EF157AA865008B4C2D /* GTMOAuth2ViewControllerTouch.h */,
				D81FB5F0157AA865008B4C2D /* GTMOAuth2ViewControllerTouch.m */,
				D81FB5F1157AA865008B4C2D /* GTMOAuth2ViewTouch.xib */,
			);
			path = "gtm-oauth2";
			sourceTree = "<group>";
		};
		D8B87D891579E76600310696 = {
			isa = PBXGroup;
			children = (
				D8B87D9E1579E76600310696 /* iamble */,
				D8B87DBE1579E76600310696 /* iambleTests */,
				D8B87D971579E76600310696 /* Frameworks */,
				D8B87D951579E76600310696 /* Products */,
				478962866C9C4522951EEAF8 /* Pods.xcconfig */,
			);
			sourceTree = "<group>";
		};
		D8B87D951579E76600310696 /* Products */ = {
			isa = PBXGroup;
			children = (
				D8B87D941579E76600310696 /* iamble.app */,
				D8B87DB71579E76600310696 /* iambleTests.octest */,
			);
			name = Products;
			sourceTree = "<group>";
		};
		D8B87D971579E76600310696 /* Frameworks */ = {
			isa = PBXGroup;
			children = (
				D81FB5FA157AAB94008B4C2D /* Security.framework */,
				D81FB5F8157AAB8D008B4C2D /* SystemConfiguration.framework */,
				D8B87D981579E76600310696 /* UIKit.framework */,
				D8B87D9A1579E76600310696 /* Foundation.framework */,
				D8B87D9C1579E76600310696 /* CoreGraphics.framework */,
				D8B87DB81579E76600310696 /* SenTestingKit.framework */,
				495DDB46F94C451585862A06 /* libPods.a */,
			);
			name = Frameworks;
			sourceTree = "<group>";
		};
		D8B87D9E1579E76600310696 /* iamble */ = {
			isa = PBXGroup;
			children = (
				D8AE54471579F014004E2E10 /* ChooseAmbleViewController.h */,
				D8AE54481579F014004E2E10 /* ChooseAmbleViewController.m */,
				D8B87DA71579E76600310696 /* AppDelegate.h */,
				D8B87DA81579E76600310696 /* AppDelegate.m */,
				D8B87DAC1579E76600310696 /* MainStoryboard.storyboard */,
				D8B87D9F1579E76600310696 /* Supporting Files */,
				D8AE544A1579F077004E2E10 /* iambleServiceConnection.h */,
				D8AE544B1579F077004E2E10 /* iambleServiceConnection.m */,
				D81FB614157AD173008B4C2D /* SinglyServiceConnection.h */,
				D81FB615157AD173008B4C2D /* SinglyServiceConnection.m */,
				D8AE54581579FC32004E2E10 /* SliderView.h */,
				D8AE54591579FC32004E2E10 /* SliderView.m */,
				D80AC86F157B1A6800A1832E /* gtm-oauth */,
				D81FB5E8157AA865008B4C2D /* gtm-oauth2 */,
				D8079AFD157AF86800117088 /* RecomendationViewController.h */,
				D8079AFE157AF86800117088 /* RecomendationViewController.m */,
			);
			path = iamble;
			sourceTree = "<group>";
		};
		D8B87D9F1579E76600310696 /* Supporting Files */ = {
			isa = PBXGroup;
			children = (
				D89AE120157A7F6600B74554 /* foursquare-logo.png */,
				D89AE123157A7F7C00B74554 /* logo_twitter_withbird_1000_white_blue.png */,
				D8B87DA01579E76600310696 /* iamble-Info.plist */,
				D8B87DA11579E76600310696 /* InfoPlist.strings */,
				D8B87DA41579E76600310696 /* main.m */,
				D8B87DA61579E76600310696 /* iamble-Prefix.pch */,
				D8B87DAA1579E76600310696 /* iamble.entitlements */,
			);
			name = "Supporting Files";
			sourceTree = "<group>";
		};
		D8B87DBE1579E76600310696 /* iambleTests */ = {
			isa = PBXGroup;
			children = (
				D8B87DC41579E76600310696 /* iambleTests.h */,
				D8B87DC51579E76600310696 /* iambleTests.m */,
				D8B87DBF1579E76600310696 /* Supporting Files */,
			);
			path = iambleTests;
			sourceTree = "<group>";
		};
		D8B87DBF1579E76600310696 /* Supporting Files */ = {
			isa = PBXGroup;
			children = (
				D8B87DC01579E76600310696 /* iambleTests-Info.plist */,
				D8B87DC11579E76600310696 /* InfoPlist.strings */,
			);
			name = "Supporting Files";
			sourceTree = "<group>";
		};
/* End PBXGroup section */

/* Begin PBXNativeTarget section */
		D8B87D931579E76600310696 /* iamble */ = {
			isa = PBXNativeTarget;
			buildConfigurationList = D8B87DC91579E76600310696 /* Build configuration list for PBXNativeTarget "iamble" */;
			buildPhases = (
				D8B87D901579E76600310696 /* Sources */,
				D8B87D911579E76600310696 /* Frameworks */,
				D8B87D921579E76600310696 /* Resources */,
				B7B2A58696F149208177B918 /* Copy Pods Resources */,
			);
			buildRules = (
			);
			dependencies = (
			);
			name = iamble;
			productName = iamble;
			productReference = D8B87D941579E76600310696 /* iamble.app */;
			productType = "com.apple.product-type.application";
		};
		D8B87DB61579E76600310696 /* iambleTests */ = {
			isa = PBXNativeTarget;
			buildConfigurationList = D8B87DCC1579E76600310696 /* Build configuration list for PBXNativeTarget "iambleTests" */;
			buildPhases = (
				D8B87DB21579E76600310696 /* Sources */,
				D8B87DB31579E76600310696 /* Frameworks */,
				D8B87DB41579E76600310696 /* Resources */,
				D8B87DB51579E76600310696 /* ShellScript */,
				B7B2A58696F149208177B918 /* Copy Pods Resources */,
			);
			buildRules = (
			);
			dependencies = (
				D8B87DBD1579E76600310696 /* PBXTargetDependency */,
			);
			name = iambleTests;
			productName = iambleTests;
			productReference = D8B87DB71579E76600310696 /* iambleTests.octest */;
			productType = "com.apple.product-type.bundle";
		};
/* End PBXNativeTarget section */

/* Begin PBXProject section */
		D8B87D8B1579E76600310696 /* Project object */ = {
			isa = PBXProject;
			attributes = {
				LastUpgradeCheck = 0440;
				ORGANIZATIONNAME = iamble;
			};
			buildConfigurationList = D8B87D8E1579E76600310696 /* Build configuration list for PBXProject "iamble" */;
			compatibilityVersion = "Xcode 3.2";
			developmentRegion = English;
			hasScannedForEncodings = 0;
			knownRegions = (
				en,
			);
			mainGroup = D8B87D891579E76600310696;
			productRefGroup = D8B87D951579E76600310696 /* Products */;
			projectDirPath = "";
			projectRoot = "";
			targets = (
				D8B87D931579E76600310696 /* iamble */,
				D8B87DB61579E76600310696 /* iambleTests */,
			);
		};
/* End PBXProject section */

/* Begin PBXResourcesBuildPhase section */
		D8B87D921579E76600310696 /* Resources */ = {
			isa = PBXResourcesBuildPhase;
			buildActionMask = 2147483647;
			files = (
				D8B87DA31579E76600310696 /* InfoPlist.strings in Resources */,
				D8B87DAB1579E76600310696 /* iamble.entitlements in Resources */,
				D8B87DAE1579E76600310696 /* MainStoryboard.storyboard in Resources */,
				D89AE121157A7F6600B74554 /* foursquare-logo.png in Resources */,
				D89AE124157A7F7C00B74554 /* logo_twitter_withbird_1000_white_blue.png in Resources */,
				D81FB5F6157AA865008B4C2D /* GTMOAuth2ViewTouch.xib in Resources */,
				D80AC87D157B1A6900A1832E /* GTMOAuthViewTouch.xib in Resources */,
			);
			runOnlyForDeploymentPostprocessing = 0;
		};
		D8B87DB41579E76600310696 /* Resources */ = {
			isa = PBXResourcesBuildPhase;
			buildActionMask = 2147483647;
			files = (
				D8B87DC31579E76600310696 /* InfoPlist.strings in Resources */,
			);
			runOnlyForDeploymentPostprocessing = 0;
		};
/* End PBXResourcesBuildPhase section */

/* Begin PBXShellScriptBuildPhase section */
		B7B2A58696F149208177B918 /* Copy Pods Resources */ = {
			isa = PBXShellScriptBuildPhase;
			buildActionMask = 2147483647;
			files = (
			);
			inputPaths = (
			);
			name = "Copy Pods Resources";
			outputPaths = (
			);
			runOnlyForDeploymentPostprocessing = 0;
			shellPath = /bin/sh;
			shellScript = "\"${SRCROOT}/Pods/Pods-resources.sh\"\n";
		};
		D8B87DB51579E76600310696 /* ShellScript */ = {
			isa = PBXShellScriptBuildPhase;
			buildActionMask = 2147483647;
			files = (
			);
			inputPaths = (
			);
			outputPaths = (
			);
			runOnlyForDeploymentPostprocessing = 0;
			shellPath = /bin/sh;
			shellScript = "# Run the unit tests in this test bundle.\n\"${SYSTEM_DEVELOPER_DIR}/Tools/RunUnitTests\"\n";
		};
/* End PBXShellScriptBuildPhase section */

/* Begin PBXSourcesBuildPhase section */
		D8B87D901579E76600310696 /* Sources */ = {
			isa = PBXSourcesBuildPhase;
			buildActionMask = 2147483647;
			files = (
				D8B87DA51579E76600310696 /* main.m in Sources */,
				D8B87DA91579E76600310696 /* AppDelegate.m in Sources */,
				D8AE54491579F014004E2E10 /* ChooseAmbleViewController.m in Sources */,
				D8AE544C1579F077004E2E10 /* iambleServiceConnection.m in Sources */,
				D8AE545A1579FC32004E2E10 /* SliderView.m in Sources */,
				D81FB5F2157AA865008B4C2D /* GTMHTTPFetcher.m in Sources */,
				D81FB5F3157AA865008B4C2D /* GTMOAuth2Authentication.m in Sources */,
				D81FB5F4157AA865008B4C2D /* GTMOAuth2SignIn.m in Sources */,
				D81FB5F5157AA865008B4C2D /* GTMOAuth2ViewControllerTouch.m in Sources */,
				D81FB616157AD173008B4C2D /* SinglyServiceConnection.m in Sources */,
				D8079AFF157AF86800117088 /* RecomendationViewController.m in Sources */,
				D80AC879157B1A6900A1832E /* GTMHTTPFetcher.m in Sources */,
				D80AC87A157B1A6900A1832E /* GTMOAuthAuthentication.m in Sources */,
				D80AC87B157B1A6900A1832E /* GTMOAuthSignIn.m in Sources */,
				D80AC87C157B1A6900A1832E /* GTMOAuthViewControllerTouch.m in Sources */,
			);
			runOnlyForDeploymentPostprocessing = 0;
		};
		D8B87DB21579E76600310696 /* Sources */ = {
			isa = PBXSourcesBuildPhase;
			buildActionMask = 2147483647;
			files = (
				D8B87DC61579E76600310696 /* iambleTests.m in Sources */,
			);
			runOnlyForDeploymentPostprocessing = 0;
		};
/* End PBXSourcesBuildPhase section */

/* Begin PBXTargetDependency section */
		D8B87DBD1579E76600310696 /* PBXTargetDependency */ = {
			isa = PBXTargetDependency;
			target = D8B87D931579E76600310696 /* iamble */;
			targetProxy = D8B87DBC1579E76600310696 /* PBXContainerItemProxy */;
		};
/* End PBXTargetDependency section */

/* Begin PBXVariantGroup section */
		D8B87DA11579E76600310696 /* InfoPlist.strings */ = {
			isa = PBXVariantGroup;
			children = (
				D8B87DA21579E76600310696 /* en */,
			);
			name = InfoPlist.strings;
			sourceTree = "<group>";
		};
		D8B87DAC1579E76600310696 /* MainStoryboard.storyboard */ = {
			isa = PBXVariantGroup;
			children = (
				D8B87DAD1579E76600310696 /* en */,
			);
			name = MainStoryboard.storyboard;
			sourceTree = "<group>";
		};
		D8B87DC11579E76600310696 /* InfoPlist.strings */ = {
			isa = PBXVariantGroup;
			children = (
				D8B87DC21579E76600310696 /* en */,
			);
			name = InfoPlist.strings;
			sourceTree = "<group>";
		};
/* End PBXVariantGroup section */

/* Begin XCBuildConfiguration section */
		D8B87DC71579E76600310696 /* Debug */ = {
			isa = XCBuildConfiguration;
			buildSettings = {
				ALWAYS_SEARCH_USER_PATHS = NO;
				ARCHS = "$(ARCHS_STANDARD_32_BIT)";
				CLANG_ENABLE_OBJC_ARC = YES;
				CLANG_WARN__DUPLICATE_METHOD_MATCH = YES;
				CODE_SIGN_IDENTITY = "iPhone Developer";
				"CODE_SIGN_IDENTITY[sdk=iphoneos*]" = "iPhone Developer";
				COPY_PHASE_STRIP = NO;
				GCC_C_LANGUAGE_STANDARD = gnu99;
				GCC_DYNAMIC_NO_PIC = NO;
				GCC_OPTIMIZATION_LEVEL = 0;
				GCC_PREPROCESSOR_DEFINITIONS = (
					"DEBUG=1",
					"$(inherited)",
				);
				GCC_SYMBOLS_PRIVATE_EXTERN = NO;
				GCC_VERSION = com.apple.compilers.llvm.clang.1_0;
				GCC_WARN_ABOUT_RETURN_TYPE = YES;
				GCC_WARN_UNINITIALIZED_AUTOS = YES;
				GCC_WARN_UNUSED_VARIABLE = YES;
				IPHONEOS_DEPLOYMENT_TARGET = 5.1;
				PROVISIONING_PROFILE = "";
				SDKROOT = iphoneos;
			};
			name = Debug;
		};
		D8B87DC81579E76600310696 /* Release */ = {
			isa = XCBuildConfiguration;
			buildSettings = {
				ALWAYS_SEARCH_USER_PATHS = NO;
				ARCHS = "$(ARCHS_STANDARD_32_BIT)";
				CLANG_ENABLE_OBJC_ARC = YES;
				CLANG_WARN__DUPLICATE_METHOD_MATCH = YES;
				CODE_SIGN_IDENTITY = "iPhone Developer";
				"CODE_SIGN_IDENTITY[sdk=iphoneos*]" = "iPhone Developer";
				COPY_PHASE_STRIP = YES;
				GCC_C_LANGUAGE_STANDARD = gnu99;
				GCC_VERSION = com.apple.compilers.llvm.clang.1_0;
				GCC_WARN_ABOUT_RETURN_TYPE = YES;
				GCC_WARN_UNINITIALIZED_AUTOS = YES;
				GCC_WARN_UNUSED_VARIABLE = YES;
				IPHONEOS_DEPLOYMENT_TARGET = 5.1;
				OTHER_CFLAGS = "-DNS_BLOCK_ASSERTIONS=1";
				PROVISIONING_PROFILE = "";
				SDKROOT = iphoneos;
				VALIDATE_PRODUCT = YES;
			};
			name = Release;
		};
		D8B87DCA1579E76600310696 /* Debug */ = {
			isa = XCBuildConfiguration;
			baseConfigurationReference = 478962866C9C4522951EEAF8 /* Pods.xcconfig */;
			buildSettings = {
				CODE_SIGN_ENTITLEMENTS = iamble/iamble.entitlements;
				DSTROOT = /tmp/xcodeproj.dst;
				GCC_PRECOMPILE_PREFIX_HEADER = YES;
				GCC_PREFIX_HEADER = "iamble/iamble-Prefix.pch";
				GCC_VERSION = com.apple.compilers.llvm.clang.1_0;
				INFOPLIST_FILE = "iamble/iamble-Info.plist";
				PRODUCT_NAME = "$(TARGET_NAME)";
				SKIP_INSTALL = YES;
				WRAPPER_EXTENSION = app;
			};
			name = Debug;
		};
		D8B87DCB1579E76600310696 /* Release */ = {
			isa = XCBuildConfiguration;
			baseConfigurationReference = 478962866C9C4522951EEAF8 /* Pods.xcconfig */;
			buildSettings = {
				CODE_SIGN_ENTITLEMENTS = iamble/iamble.entitlements;
				DSTROOT = /tmp/xcodeproj.dst;
				GCC_PRECOMPILE_PREFIX_HEADER = YES;
				GCC_PREFIX_HEADER = "iamble/iamble-Prefix.pch";
				GCC_VERSION = com.apple.compilers.llvm.clang.1_0;
				INFOPLIST_FILE = "iamble/iamble-Info.plist";
				PRODUCT_NAME = "$(TARGET_NAME)";
				SKIP_INSTALL = YES;
				WRAPPER_EXTENSION = app;
			};
			name = Release;
		};
		D8B87DCD1579E76600310696 /* Debug */ = {
			isa = XCBuildConfiguration;
			baseConfigurationReference = 478962866C9C4522951EEAF8 /* Pods.xcconfig */;
			buildSettings = {
				BUNDLE_LOADER = "$(BUILT_PRODUCTS_DIR)/iamble.app/iamble";
				DSTROOT = /tmp/xcodeproj.dst;
				FRAMEWORK_SEARCH_PATHS = (
					"\"$(SDKROOT)/Developer/Library/Frameworks\"",
					"\"$(DEVELOPER_LIBRARY_DIR)/Frameworks\"",
				);
				GCC_PRECOMPILE_PREFIX_HEADER = YES;
				GCC_PREFIX_HEADER = "iamble/iamble-Prefix.pch";
				GCC_VERSION = com.apple.compilers.llvm.clang.1_0;
				INFOPLIST_FILE = "iambleTests/iambleTests-Info.plist";
				PRODUCT_NAME = "$(TARGET_NAME)";
				SKIP_INSTALL = YES;
				TEST_HOST = "$(BUNDLE_LOADER)";
				WRAPPER_EXTENSION = octest;
			};
			name = Debug;
		};
		D8B87DCE1579E76600310696 /* Release */ = {
			isa = XCBuildConfiguration;
			baseConfigurationReference = 478962866C9C4522951EEAF8 /* Pods.xcconfig */;
			buildSettings = {
				BUNDLE_LOADER = "$(BUILT_PRODUCTS_DIR)/iamble.app/iamble";
				DSTROOT = /tmp/xcodeproj.dst;
				FRAMEWORK_SEARCH_PATHS = (
					"\"$(SDKROOT)/Developer/Library/Frameworks\"",
					"\"$(DEVELOPER_LIBRARY_DIR)/Frameworks\"",
				);
				GCC_PRECOMPILE_PREFIX_HEADER = YES;
				GCC_PREFIX_HEADER = "iamble/iamble-Prefix.pch";
				GCC_VERSION = com.apple.compilers.llvm.clang.1_0;
				INFOPLIST_FILE = "iambleTests/iambleTests-Info.plist";
				PRODUCT_NAME = "$(TARGET_NAME)";
				SKIP_INSTALL = YES;
				TEST_HOST = "$(BUNDLE_LOADER)";
				WRAPPER_EXTENSION = octest;
			};
			name = Release;
		};
/* End XCBuildConfiguration section */

/* Begin XCConfigurationList section */
		D8B87D8E1579E76600310696 /* Build configuration list for PBXProject "iamble" */ = {
			isa = XCConfigurationList;
			buildConfigurations = (
				D8B87DC71579E76600310696 /* Debug */,
				D8B87DC81579E76600310696 /* Release */,
			);
			defaultConfigurationIsVisible = 0;
			defaultConfigurationName = Release;
		};
		D8B87DC91579E76600310696 /* Build configuration list for PBXNativeTarget "iamble" */ = {
			isa = XCConfigurationList;
			buildConfigurations = (
				D8B87DCA1579E76600310696 /* Debug */,
				D8B87DCB1579E76600310696 /* Release */,
			);
			defaultConfigurationIsVisible = 0;
			defaultConfigurationName = Release;
		};
		D8B87DCC1579E76600310696 /* Build configuration list for PBXNativeTarget "iambleTests" */ = {
			isa = XCConfigurationList;
			buildConfigurations = (
				D8B87DCD1579E76600310696 /* Debug */,
				D8B87DCE1579E76600310696 /* Release */,
			);
			defaultConfigurationIsVisible = 0;
			defaultConfigurationName = Release;
		};
/* End XCConfigurationList section */
	};
	rootObject = D8B87D8B1579E76600310696 /* Project object */;
}
